
Microsoft Visual Studio Solution File, Format Version 12.00
# Visual Studio Version 16
VisualStudioVersion = 16.0.29020.237
MinimumVisualStudioVersion = 10.0.40219.1
Project("{FAE04EC0-301F-11D3-BF4B-00C04F79EFBC}") = "Hoverfly.Core", "Hoverfly.Core\Hoverfly.Core.csproj", "{09FB788F-B392-4884-859E-7EAA91B4B7DD}"
EndProject
Project("{FAE04EC0-301F-11D3-BF4B-00C04F79EFBC}") = "Hoverfly.Core.Tests", "Hoverfly.Core.Tests\Hoverfly.Core.Tests.csproj", "{5014DF7F-DFB7-4E1D-A63C-A700E605F2A3}"
EndProject
Global
	GlobalSection(SolutionConfigurationPlatforms) = preSolution
		Debug|Any CPU = Debug|Any CPU
		Release|Any CPU = Release|Any CPU
	EndGlobalSection
	GlobalSection(ProjectConfigurationPlatforms) = postSolution
		{09FB788F-B392-4884-859E-7EAA91B4B7DD}.Debug|Any CPU.ActiveCfg = Debug|Any CPU
		{09FB788F-B392-4884-859E-7EAA91B4B7DD}.Debug|Any CPU.Build.0 = Debug|Any CPU
		{09FB788F-B392-4884-859E-7EAA91B4B7DD}.Release|Any CPU.ActiveCfg = Release|Any CPU
		{09FB788F-B392-4884-859E-7EAA91B4B7DD}.Release|Any CPU.Build.0 = Release|Any CPU
		{5014DF7F-DFB7-4E1D-A63C-A700E605F2A3}.Debug|Any CPU.ActiveCfg = Debug|Any CPU
		{5014DF7F-DFB7-4E1D-A63C-A700E605F2A3}.Debug|Any CPU.Build.0 = Debug|Any CPU
		{5014DF7F-DFB7-4E1D-A63C-A700E605F2A3}.Release|Any CPU.ActiveCfg = Release|Any CPU
		{5014DF7F-DFB7-4E1D-A63C-A700E605F2A3}.Release|Any CPU.Build.0 = Release|Any CPU
	EndGlobalSection
	GlobalSection(SolutionProperties) = preSolution
		HideSolutionNode = FALSE
	EndGlobalSection
	GlobalSection(ExtensibilityGlobals) = postSolution
		SolutionGuid = {05389675-A9B5-4418-ACA7-C53F17083EB9}
	EndGlobalSection
EndGlobal
